
Microsoft Visual Studio Solution File, Format Version 12.00
# Visual Studio Version 16
VisualStudioVersion = 16.0.32106.194
MinimumVisualStudioVersion = 10.0.40219.1
Project("{FAE04EC0-301F-11D3-BF4B-00C04F79EFBC}") = "main", "main\main.csproj", "{D4830FB8-4C5C-41F0-A0BC-7309E5843D03}"
EndProject
Global
	GlobalSection(SolutionConfigurationPlatforms) = preSolution
		Debug|Any CPU = Debug|Any CPU
		Release|Any CPU = Release|Any CPU
	EndGlobalSection
	GlobalSection(ProjectConfigurationPlatforms) = postSolution
		{D4830FB8-4C5C-41F0-A0BC-7309E5843D03}.Debug|Any CPU.ActiveCfg = Debug|Any CPU
		{D4830FB8-4C5C-41F0-A0BC-7309E5843D03}.Debug|Any CPU.Build.0 = Debug|Any CPU
		{D4830FB8-4C5C-41F0-A0BC-7309E5843D03}.Release|Any CPU.ActiveCfg = Release|Any CPU
		{D4830FB8-4C5C-41F0-A0BC-7309E5843D03}.Release|Any CPU.Build.0 = Release|Any CPU
	EndGlobalSection
	GlobalSection(SolutionProperties) = preSolution
		HideSolutionNode = FALSE
	EndGlobalSection
	GlobalSection(ExtensibilityGlobals) = postSolution
		SolutionGuid = {2684BE4E-B1BA-4140-AE94-472584D95AA5}
	EndGlobalSection
EndGlobal
